
Microsoft Visual Studio Solution File, Format Version 12.00
# Visual Studio Version 16
VisualStudioVersion = 16.0.31515.178
MinimumVisualStudioVersion = 10.0.40219.1
Project("{9A19103F-16F7-4668-BE54-9A1E7A4F7556}") = "Tram-Schedule", "Tram-Schedule.csproj", "{31E500C3-A23B-4F81-80CD-CA6C81FBBC93}"
EndProject
Project("{9A19103F-16F7-4668-BE54-9A1E7A4F7556}") = "Tram-ScheduleGUI", "..\Tram-ScheduleGUI\Tram-ScheduleGUI.csproj", "{58A749DA-6A34-45B6-8994-EB4BBA60365D}"
EndProject
Project("{9A19103F-16F7-4668-BE54-9A1E7A4F7556}") = "Tram-ScheduleTests", "..\Tram-ScheduleTests\Tram-ScheduleTests.csproj", "{A5E2B2C6-0F34-4904-8A2F-29B2AAE16855}"
EndProject
Project("{FAE04EC0-301F-11D3-BF4B-00C04F79EFBC}") = "Tram-Schedule-Controls", "..\Tram-Schedule-Controls\Tram-Schedule-Controls.csproj", "{F328653D-0FC1-4F45-BC05-CB0729D22D38}"
EndProject
Global
	GlobalSection(SolutionConfigurationPlatforms) = preSolution
		Debug|Any CPU = Debug|Any CPU
		Release|Any CPU = Release|Any CPU
	EndGlobalSection
	GlobalSection(ProjectConfigurationPlatforms) = postSolution
		{31E500C3-A23B-4F81-80CD-CA6C81FBBC93}.Debug|Any CPU.ActiveCfg = Debug|Any CPU
		{31E500C3-A23B-4F81-80CD-CA6C81FBBC93}.Debug|Any CPU.Build.0 = Debug|Any CPU
		{31E500C3-A23B-4F81-80CD-CA6C81FBBC93}.Release|Any CPU.ActiveCfg = Release|Any CPU
		{31E500C3-A23B-4F81-80CD-CA6C81FBBC93}.Release|Any CPU.Build.0 = Release|Any CPU
		{58A749DA-6A34-45B6-8994-EB4BBA60365D}.Debug|Any CPU.ActiveCfg = Debug|Any CPU
		{58A749DA-6A34-45B6-8994-EB4BBA60365D}.Debug|Any CPU.Build.0 = Debug|Any CPU
		{58A749DA-6A34-45B6-8994-EB4BBA60365D}.Release|Any CPU.ActiveCfg = Release|Any CPU
		{58A749DA-6A34-45B6-8994-EB4BBA60365D}.Release|Any CPU.Build.0 = Release|Any CPU
		{A5E2B2C6-0F34-4904-8A2F-29B2AAE16855}.Debug|Any CPU.ActiveCfg = Debug|Any CPU
		{A5E2B2C6-0F34-4904-8A2F-29B2AAE16855}.Debug|Any CPU.Build.0 = Debug|Any CPU
		{A5E2B2C6-0F34-4904-8A2F-29B2AAE16855}.Release|Any CPU.ActiveCfg = Release|Any CPU
		{A5E2B2C6-0F34-4904-8A2F-29B2AAE16855}.Release|Any CPU.Build.0 = Release|Any CPU
		{F328653D-0FC1-4F45-BC05-CB0729D22D38}.Debug|Any CPU.ActiveCfg = Debug|Any CPU
		{F328653D-0FC1-4F45-BC05-CB0729D22D38}.Debug|Any CPU.Build.0 = Debug|Any CPU
		{F328653D-0FC1-4F45-BC05-CB0729D22D38}.Release|Any CPU.ActiveCfg = Release|Any CPU
		{F328653D-0FC1-4F45-BC05-CB0729D22D38}.Release|Any CPU.Build.0 = Release|Any CPU
	EndGlobalSection
	GlobalSection(SolutionProperties) = preSolution
		HideSolutionNode = FALSE
	EndGlobalSection
	GlobalSection(ExtensibilityGlobals) = postSolution
		SolutionGuid = {B37F08F7-EE1E-4E2A-97F2-815850946A1F}
	EndGlobalSection
EndGlobal
